PODS:
  - Flutter (1.0.0)
  - flutter_secure_storage (6.0.0):
    - Flutter
  - google_mlkit_barcode_scanning (0.14.2):
    - Flutter
    - google_mlkit_commons
    - GoogleMLKit/BarcodeScanning (~> 9.0.0)
  - google_mlkit_commons (0.11.1):
    - Flutter
    - MLKitVision (~> 10.0.0)
  - GoogleDataTransport (10.1.0):
    - nanopb (~> 3.30910.0)
    - PromisesObjC (~> 2.4)
  - GoogleMLKit/BarcodeScanning (9.0.0):
    - GoogleMLKit/MLKitCore
    - MLKitBarcodeScanning (~> 8.0.0)
  - GoogleMLKit/MLKitCore (9.0.0):
    - MLKitCommon (~> 14.0.0)
  - GoogleToolboxForMac/Defines (4.2.1)
  - GoogleToolboxForMac/Logger (4.2.1):
    - GoogleToolboxForMac/Defines (= 4.2.1)
  - "GoogleToolboxForMac/NSData+zlib (4.2.1)":
    - GoogleToolboxForMac/Defines (= 4.2.1)
  - GoogleUtilities/Environment (8.1.1):
    - GoogleUtilities/Privacy
  - GoogleUtilities/Logger (8.1.1):
    - GoogleUtilities/Environment
    - GoogleUtilities/Privacy
  - GoogleUtilities/Privacy (8.1.1)
  - GoogleUtilities/UserDefaults (8.1.1):
    - GoogleUtilities/Logger
    - GoogleUtilities/Privacy
  - GTMSessionFetcher/Core (3.5.0)
  - MLImage (1.0.0-beta8)
  - MLKitBarcodeScanning (8.0.0):
    - MLKitCommon (~> 14.0)
    - MLKitVision (~> 10.0)
  - MLKitCommon (14.0.0):
    - GoogleDataTransport (~> 10.0)
    - GoogleToolboxForMac/Logger (< 5.0, >= 4.2.1)
    - "GoogleToolboxForMac/NSData+zlib (< 5.0, >= 4.2.1)"
    - GoogleUtilities/Logger (~> 8.0)
    - GoogleUtilities/UserDefaults (~> 8.0)
    - GTMSessionFetcher/Core (< 4.0, >= 3.3.2)
  - MLKitVision (10.0.0):
    - GoogleToolboxForMac/Logger (< 5.0, >= 4.2.1)
    - "GoogleToolboxForMac/NSData+zlib (< 5.0, >= 4.2.1)"
    - GTMSessionFetcher/Core (< 4.0, >= 3.3.2)
    - MLImage (= 1.0.0-beta8)
    - MLKitCommon (~> 14.0)
  - nanopb (3.30910.0):
    - nanopb/decode (= 3.30910.0)
    - nanopb/encode (= 3.30910.0)
  - nanopb/decode (3.30910.0)
  - nanopb/encode (3.30910.0)
  - PromisesObjC (2.4.1)

DEPENDENCIES:
  - Flutter (from `Flutter`)
  - flutter_secure_storage (from `.symlinks/plugins/flutter_secure_storage/ios`)
  - google_mlkit_barcode_scanning (from `.symlinks/plugins/google_mlkit_barcode_scanning/ios`)
  - google_mlkit_commons (from `.symlinks/plugins/google_mlkit_commons/ios`)

SPEC REPOS:
  trunk:
    - GoogleDataTransport
    - GoogleMLKit
    - GoogleToolboxForMac
    - GoogleUtilities
    - GTMSessionFetcher
    - MLImage
    - MLKitBarcodeScanning
    - MLKitCommon
    - MLKitVision
    - nanopb
    - PromisesObjC

EXTERNAL SOURCES:
  Flutter:
    :path: Flutter
  flutter_secure_storage:
    :path: ".symlinks/plugins/flutter_secure_storage/ios"
  google_mlkit_barcode_scanning:
    :path: ".symlinks/plugins/google_mlkit_barcode_scanning/ios"
  google_mlkit_commons:
    :path: ".symlinks/plugins/google_mlkit_commons/ios"

SPEC CHECKSUMS:
  Flutter: cabc95a1d2626b1b06e7179b784ebcf0c0cde467
  flutter_secure_storage: d33dac7ae2ea08509be337e775f6b59f1ff45f12
  google_mlkit_barcode_scanning: 558187bc222df9e86110a2dad3c61695b4a3ac99
  google_mlkit_commons: 1e6ef6605d7281f35baf2b355e6049b9984fd624
  GoogleDataTransport: aae35b7ea0c09004c3797d53c8c41f66f219d6a7
  GoogleMLKit: b1eee21a41c57704fe72483b15c85cb2c0cd7444
  GoogleToolboxForMac: d1a2cbf009c453f4d6ded37c105e2f67a32206d8
  GoogleUtilities: 4f2618a4a1e762a1ee134a1e2323bba9843e06da
  GTMSessionFetcher: 5aea5ba6bd522a239e236100971f10cb71b96ab6
  MLImage: 0de5c6c2bf9e93b80ef752e2797f0836f03b58c0
  MLKitBarcodeScanning: 39de223e7b1b8a8fbf10816a536dd292d8a39343
  MLKitCommon: 47d47b50a031d00db62f1b0efe5a1d8b09a3b2e6
  MLKitVision: 39a5a812db83c4a0794445088e567f3631c11961
  nanopb: fad817b59e0457d11a5dfbde799381cd727c1275
  PromisesObjC: 752c3227f599e3467650e47ea36f433eeb10c273

PODFILE CHECKSUM: 9580a49fa2c095d51100c20f258df867100b916b

COCOAPODS: 1.16.2
